// !$*UTF8*$!
{
	archiveVersion = 1;
	classes = {
	};
	objectVersion = 55;
	objects = {

/* Begin PBXBuildFile section */
		84589BE42D0B8CA600AAA3EE /* AppDelegate.swift in Sources */ = {isa = PBXBuildFile; fileRef = 84589BE32D0B8CA600AAA3EE /* AppDelegate.swift */; };
		84589BE82D0B8CA600AAA3EE /* ViewController.swift in Sources */ = {isa = PBXBuildFile; fileRef = 84589BE72D0B8CA600AAA3EE /* ViewController.swift */; };
		84589BEB2D0B8CA600AAA3EE /* Main.storyboard in Resources */ = {isa = PBXBuildFile; fileRef = 84589BE92D0B8CA600AAA3EE /* Main.storyboard */; };
		84589BED2D0B8CA800AAA3EE /* Assets.xcassets in Resources */ = {isa = PBXBuildFile; fileRef = 84589BEC2D0B8CA800AAA3EE /* Assets.xcassets */; };
		84589BF02D0B8CA800AAA3EE /* LaunchScreen.storyboard in Resources */ = {isa = PBXBuildFile; fileRef = 84589BEE2D0B8CA800AAA3EE /* LaunchScreen.storyboard */; };
		84589BFB2D0B8CA800AAA3EE /* DailyPlannerCheckTests.swift in Sources */ = {isa = PBXBuildFile; fileRef = 84589BFA2D0B8CA800AAA3EE /* DailyPlannerCheckTests.swift */; };
		84589C052D0B8CA800AAA3EE /* DailyPlannerCheckUITests.swift in Sources */ = {isa = PBXBuildFile; fileRef = 84589C042D0B8CA800AAA3EE /* DailyPlannerCheckUITests.swift */; };
		84589C072D0B8CA800AAA3EE /* DailyPlannerCheckUITestsLaunchTests.swift in Sources */ = {isa = PBXBuildFile; fileRef = 84589C062D0B8CA800AAA3EE /* DailyPlannerCheckUITestsLaunchTests.swift */; };
		84589C142D0B94B600AAA3EE /* TaskListViewController.swift in Sources */ = {isa = PBXBuildFile; fileRef = 84589C132D0B94B600AAA3EE /* TaskListViewController.swift */; };
		84589C162D0B951600AAA3EE /* TaskDetailViewController.swift in Sources */ = {isa = PBXBuildFile; fileRef = 84589C152D0B951600AAA3EE /* TaskDetailViewController.swift */; };
		8469339F2D0C64A000158862 /* Task.swift in Sources */ = {isa = PBXBuildFile; fileRef = 8469339E2D0C649F00158862 /* Task.swift */; };
		846933A12D0C6D9A00158862 /* TaskService.swift in Sources */ = {isa = PBXBuildFile; fileRef = 846933A02D0C6D9A00158862 /* TaskService.swift */; };
		846933AE2D11910B00158862 /* tasks.json in Resources */ = {isa = PBXBuildFile; fileRef = 846933AD2D11910B00158862 /* tasks.json */; };
/* End PBXBuildFile section */

/* Begin PBXContainerItemProxy section */
		84589BF72D0B8CA800AAA3EE /* PBXContainerItemProxy */ = {
			isa = PBXContainerItemProxy;
			containerPortal = 84589BD82D0B8CA600AAA3EE /* Project object */;
			proxyType = 1;
			remoteGlobalIDString = 84589BDF2D0B8CA600AAA3EE;
			remoteInfo = DailyPlannerCheck;
		};
		84589C012D0B8CA800AAA3EE /* PBXContainerItemProxy */ = {
			isa = PBXContainerItemProxy;
			containerPortal = 84589BD82D0B8CA600AAA3EE /* Project object */;
			proxyType = 1;
			remoteGlobalIDString = 84589BDF2D0B8CA600AAA3EE;
			remoteInfo = DailyPlannerCheck;
		};
/* End PBXContainerItemProxy section */

/* Begin PBXFileReference section */
		84589BE02D0B8CA600AAA3EE /* DailyPlannerCheck.app */ = {isa = PBXFileReference; explicitFileType = wrapper.application; includeInIndex = 0; path = DailyPlannerCheck.app; sourceTree = BUILT_PRODUCTS_DIR; };
		84589BE32D0B8CA600AAA3EE /* AppDelegate.swift */ = {isa = PBXFileReference; lastKnownFileType = sourcecode.swift; path = AppDelegate.swift; sourceTree = "<group>"; };
		84589BE72D0B8CA600AAA3EE /* ViewController.swift */ = {isa = PBXFileReference; lastKnownFileType = sourcecode.swift; path = ViewController.swift; sourceTree = "<group>"; };
		84589BEA2D0B8CA600AAA3EE /* Base */ = {isa = PBXFileReference; lastKnownFileType = file.storyboard; name = Base; path = Base.lproj/Main.storyboard; sourceTree = "<group>"; };
		84589BEC2D0B8CA800AAA3EE /* Assets.xcassets */ = {isa = PBXFileReference; lastKnownFileType = folder.assetcatalog; path = Assets.xcassets; sourceTree = "<group>"; };
		84589BEF2D0B8CA800AAA3EE /* Base */ = {isa = PBXFileReference; lastKnownFileType = file.storyboard; name = Base; path = Base.lproj/LaunchScreen.storyboard; sourceTree = "<group>"; };
		84589BF12D0B8CA800AAA3EE /* Info.plist */ = {isa = PBXFileReference; lastKnownFileType = text.plist.xml; path = Info.plist; sourceTree = "<group>"; };
		84589BF62D0B8CA800AAA3EE /* DailyPlannerCheckTests.xctest */ = {isa = PBXFileReference; explicitFileType = wrapper.cfbundle; includeInIndex = 0; path = DailyPlannerCheckTests.xctest; sourceTree = BUILT_PRODUCTS_DIR; };
		84589BFA2D0B8CA800AAA3EE /* DailyPlannerCheckTests.swift */ = {isa = PBXFileReference; lastKnownFileType = sourcecode.swift; path = DailyPlannerCheckTests.swift; sourceTree = "<group>"; };
		84589C002D0B8CA800AAA3EE /* DailyPlannerCheckUITests.xctest */ = {isa = PBXFileReference; explicitFileType = wrapper.cfbundle; includeInIndex = 0; path = DailyPlannerCheckUITests.xctest; sourceTree = BUILT_PRODUCTS_DIR; };
		84589C042D0B8CA800AAA3EE /* DailyPlannerCheckUITests.swift */ = {isa = PBXFileReference; lastKnownFileType = sourcecode.swift; path = DailyPlannerCheckUITests.swift; sourceTree = "<group>"; };
		84589C062D0B8CA800AAA3EE /* DailyPlannerCheckUITestsLaunchTests.swift */ = {isa = PBXFileReference; lastKnownFileType = sourcecode.swift; path = DailyPlannerCheckUITestsLaunchTests.swift; sourceTree = "<group>"; };
		84589C132D0B94B600AAA3EE /* TaskListViewController.swift */ = {isa = PBXFileReference; lastKnownFileType = sourcecode.swift; path = TaskListViewController.swift; sourceTree = "<group>"; };
		84589C152D0B951600AAA3EE /* TaskDetailViewController.swift */ = {isa = PBXFileReference; lastKnownFileType = sourcecode.swift; path = TaskDetailViewController.swift; sourceTree = "<group>"; };
		8469339E2D0C649F00158862 /* Task.swift */ = {isa = PBXFileReference; lastKnownFileType = sourcecode.swift; path = Task.swift; sourceTree = "<group>"; };
		846933A02D0C6D9A00158862 /* TaskService.swift */ = {isa = PBXFileReference; lastKnownFileType = sourcecode.swift; path = TaskService.swift; sourceTree = "<group>"; };
		846933AD2D11910B00158862 /* tasks.json */ = {isa = PBXFileReference; lastKnownFileType = text.json; path = tasks.json; sourceTree = "<group>"; };
/* End PBXFileReference section */

/* Begin PBXFrameworksBuildPhase section */
		84589BDD2D0B8CA600AAA3EE /* Frameworks */ = {
			isa = PBXFrameworksBuildPhase;
			buildActionMask = 2147483647;
			files = (
			);
			runOnlyForDeploymentPostprocessing = 0;
		};
		84589BF32D0B8CA800AAA3EE /* Frameworks */ = {
			isa = PBXFrameworksBuildPhase;
			buildActionMask = 2147483647;
			files = (
			);
			runOnlyForDeploymentPostprocessing = 0;
		};
		84589BFD2D0B8CA800AAA3EE /* Frameworks */ = {
			isa = PBXFrameworksBuildPhase;
			buildActionMask = 2147483647;
			files = (
			);
			runOnlyForDeploymentPostprocessing = 0;
		};
/* End PBXFrameworksBuildPhase section */

/* Begin PBXGroup section */
		84589BD72D0B8CA600AAA3EE = {
			isa = PBXGroup;
			children = (
				84589BE22D0B8CA600AAA3EE /* DailyPlannerCheck */,
				84589BF92D0B8CA800AAA3EE /* DailyPlannerCheckTests */,
				84589C032D0B8CA800AAA3EE /* DailyPlannerCheckUITests */,
				84589BE12D0B8CA600AAA3EE /* Products */,
			);
			sourceTree = "<group>";
		};
		84589BE12D0B8CA600AAA3EE /* Products */ = {
			isa = PBXGroup;
			children = (
				84589BE02D0B8CA600AAA3EE /* DailyPlannerCheck.app */,
				84589BF62D0B8CA800AAA3EE /* DailyPlannerCheckTests.xctest */,
				84589C002D0B8CA800AAA3EE /* DailyPlannerCheckUITests.xctest */,
			);
			name = Products;
			sourceTree = "<group>";
		};
		84589BE22D0B8CA600AAA3EE /* DailyPlannerCheck */ = {
			isa = PBXGroup;
			children = (
				84589BE32D0B8CA600AAA3EE /* AppDelegate.swift */,
				84589BE72D0B8CA600AAA3EE /* ViewController.swift */,
				846933AD2D11910B00158862 /* tasks.json */,
				846933AC2D118C8300158862 /* Service */,
				846933AB2D118C6E00158862 /* Controller */,
				846933AA2D118C6300158862 /* View */,
				846933A92D118C4F00158862 /* Model */,
				84589BEC2D0B8CA800AAA3EE /* Assets.xcassets */,
				84589BEE2D0B8CA800AAA3EE /* LaunchScreen.storyboard */,
				84589BF12D0B8CA800AAA3EE /* Info.plist */,
			);
			path = DailyPlannerCheck;
			sourceTree = "<group>";
		};
		84589BF92D0B8CA800AAA3EE /* DailyPlannerCheckTests */ = {
			isa = PBXGroup;
			children = (
				84589BFA2D0B8CA800AAA3EE /* DailyPlannerCheckTests.swift */,
			);
			path = DailyPlannerCheckTests;
			sourceTree = "<group>";
		};
		84589C032D0B8CA800AAA3EE /* DailyPlannerCheckUITests */ = {
			isa = PBXGroup;
			children = (
				84589C042D0B8CA800AAA3EE /* DailyPlannerCheckUITests.swift */,
				84589C062D0B8CA800AAA3EE /* DailyPlannerCheckUITestsLaunchTests.swift */,
			);
			path = DailyPlannerCheckUITests;
			sourceTree = "<group>";
		};
		846933A92D118C4F00158862 /* Model */ = {
			isa = PBXGroup;
			children = (
				8469339E2D0C649F00158862 /* Task.swift */,
			);
			path = Model;
			sourceTree = "<group>";
		};
		846933AA2D118C6300158862 /* View */ = {
			isa = PBXGroup;
			children = (
				84589BE92D0B8CA600AAA3EE /* Main.storyboard */,
			);
			path = View;
			sourceTree = "<group>";
		};
		846933AB2D118C6E00158862 /* Controller */ = {
			isa = PBXGroup;
			children = (
				84589C132D0B94B600AAA3EE /* TaskListViewController.swift */,
				84589C152D0B951600AAA3EE /* TaskDetailViewController.swift */,
			);
			path = Controller;
			sourceTree = "<group>";
		};
		846933AC2D118C8300158862 /* Service */ = {
			isa = PBXGroup;
			children = (
				846933A02D0C6D9A00158862 /* TaskService.swift */,
			);
			path = Service;
			sourceTree = "<group>";
		};
/* End PBXGroup section */

/* Begin PBXNativeTarget section */
		84589BDF2D0B8CA600AAA3EE /* DailyPlannerCheck */ = {
			isa = PBXNativeTarget;
			buildConfigurationList = 84589C0A2D0B8CA800AAA3EE /* Build configuration list for PBXNativeTarget "DailyPlannerCheck" */;
			buildPhases = (
				84589BDC2D0B8CA600AAA3EE /* Sources */,
				84589BDD2D0B8CA600AAA3EE /* Frameworks */,
				84589BDE2D0B8CA600AAA3EE /* Resources */,
			);
			buildRules = (
			);
			dependencies = (
			);
			name = DailyPlannerCheck;
			productName = DailyPlannerCheck;
			productReference = 84589BE02D0B8CA600AAA3EE /* DailyPlannerCheck.app */;
			productType = "com.apple.product-type.application";
		};
		84589BF52D0B8CA800AAA3EE /* DailyPlannerCheckTests */ = {
			isa = PBXNativeTarget;
			buildConfigurationList = 84589C0D2D0B8CA800AAA3EE /* Build configuration list for PBXNativeTarget "DailyPlannerCheckTests" */;
			buildPhases = (
				84589BF22D0B8CA800AAA3EE /* Sources */,
				84589BF32D0B8CA800AAA3EE /* Frameworks */,
				84589BF42D0B8CA800AAA3EE /* Resources */,
			);
			buildRules = (
			);
			dependencies = (
				84589BF82D0B8CA800AAA3EE /* PBXTargetDependency */,
			);
			name = DailyPlannerCheckTests;
			productName = DailyPlannerCheckTests;
			productReference = 84589BF62D0B8CA800AAA3EE /* DailyPlannerCheckTests.xctest */;
			productType = "com.apple.product-type.bundle.unit-test";
		};
		84589BFF2D0B8CA800AAA3EE /* DailyPlannerCheckUITests */ = {
			isa = PBXNativeTarget;
			buildConfigurationList = 84589C102D0B8CA800AAA3EE /* Build configuration list for PBXNativeTarget "DailyPlannerCheckUITests" */;
			buildPhases = (
				84589BFC2D0B8CA800AAA3EE /* Sources */,
				84589BFD2D0B8CA800AAA3EE /* Frameworks */,
				84589BFE2D0B8CA800AAA3EE /* Resources */,
			);
			buildRules = (
			);
			dependencies = (
				84589C022D0B8CA800AAA3EE /* PBXTargetDependency */,
			);
			name = DailyPlannerCheckUITests;
			productName = DailyPlannerCheckUITests;
			productReference = 84589C002D0B8CA800AAA3EE /* DailyPlannerCheckUITests.xctest */;
			productType = "com.apple.product-type.bundle.ui-testing";
		};
/* End PBXNativeTarget section */

/* Begin PBXProject section */
		84589BD82D0B8CA600AAA3EE /* Project object */ = {
			isa = PBXProject;
			attributes = {
				BuildIndependentTargetsInParallel = 1;
				LastSwiftUpdateCheck = 1340;
				LastUpgradeCheck = 1340;
				TargetAttributes = {
					84589BDF2D0B8CA600AAA3EE = {
						CreatedOnToolsVersion = 13.4.1;
					};
					84589BF52D0B8CA800AAA3EE = {
						CreatedOnToolsVersion = 13.4.1;
						TestTargetID = 84589BDF2D0B8CA600AAA3EE;
					};
					84589BFF2D0B8CA800AAA3EE = {
						CreatedOnToolsVersion = 13.4.1;
						TestTargetID = 84589BDF2D0B8CA600AAA3EE;
					};
				};
			};
			buildConfigurationList = 84589BDB2D0B8CA600AAA3EE /* Build configuration list for PBXProject "DailyPlannerCheck" */;
			compatibilityVersion = "Xcode 13.0";
			developmentRegion = en;
			hasScannedForEncodings = 0;
			knownRegions = (
				en,
				Base,
			);
			mainGroup = 84589BD72D0B8CA600AAA3EE;
			productRefGroup = 84589BE12D0B8CA600AAA3EE /* Products */;
			projectDirPath = "";
			projectRoot = "";
			targets = (
				84589BDF2D0B8CA600AAA3EE /* DailyPlannerCheck */,
				84589BF52D0B8CA800AAA3EE /* DailyPlannerCheckTests */,
				84589BFF2D0B8CA800AAA3EE /* DailyPlannerCheckUITests */,
			);
		};
/* End PBXProject section */

/* Begin PBXResourcesBuildPhase section */
		84589BDE2D0B8CA600AAA3EE /* Resources */ = {
			isa = PBXResourcesBuildPhase;
			buildActionMask = 2147483647;
			files = (
				846933AE2D11910B00158862 /* tasks.json in Resources */,
				84589BF02D0B8CA800AAA3EE /* LaunchScreen.storyboard in Resources */,
				84589BED2D0B8CA800AAA3EE /* Assets.xcassets in Resources */,
				84589BEB2D0B8CA600AAA3EE /* Main.storyboard in Resources */,
			);
			runOnlyForDeploymentPostprocessing = 0;
		};
		84589BF42D0B8CA800AAA3EE /* Resources */ = {
			isa = PBXResourcesBuildPhase;
			buildActionMask = 2147483647;
			files = (
			);
			runOnlyForDeploymentPostprocessing = 0;
		};
		84589BFE2D0B8CA800AAA3EE /* Resources */ = {
			isa = PBXResourcesBuildPhase;
			buildActionMask = 2147483647;
			files = (
			);
			runOnlyForDeploymentPostprocessing = 0;
		};
/* End PBXResourcesBuildPhase section */

/* Begin PBXSourcesBuildPhase section */
		84589BDC2D0B8CA600AAA3EE /* Sources */ = {
			isa = PBXSourcesBuildPhase;
			buildActionMask = 2147483647;
			files = (
				84589BE82D0B8CA600AAA3EE /* ViewController.swift in Sources */,
				84589C142D0B94B600AAA3EE /* TaskListViewController.swift in Sources */,
				846933A12D0C6D9A00158862 /* TaskService.swift in Sources */,
				8469339F2D0C64A000158862 /* Task.swift in Sources */,
				84589BE42D0B8CA600AAA3EE /* AppDelegate.swift in Sources */,
				84589C162D0B951600AAA3EE /* TaskDetailViewController.swift in Sources */,
			);
			runOnlyForDeploymentPostprocessing = 0;
		};
		84589BF22D0B8CA800AAA3EE /* Sources */ = {
			isa = PBXSourcesBuildPhase;
			buildActionMask = 2147483647;
			files = (
				84589BFB2D0B8CA800AAA3EE /* DailyPlannerCheckTests.swift in Sources */,
			);
			runOnlyForDeploymentPostprocessing = 0;
		};
		84589BFC2D0B8CA800AAA3EE /* Sources */ = {
			isa = PBXSourcesBuildPhase;
			buildActionMask = 2147483647;
			files = (
				84589C072D0B8CA800AAA3EE /* DailyPlannerCheckUITestsLaunchTests.swift in Sources */,
				84589C052D0B8CA800AAA3EE /* DailyPlannerCheckUITests.swift in Sources */,
			);
			runOnlyForDeploymentPostprocessing = 0;
		};
/* End PBXSourcesBuildPhase section */

/* Begin PBXTargetDependency section */
		84589BF82D0B8CA800AAA3EE /* PBXTargetDependency */ = {
			isa = PBXTargetDependency;
			target = 84589BDF2D0B8CA600AAA3EE /* DailyPlannerCheck */;
			targetProxy = 84589BF72D0B8CA800AAA3EE /* PBXContainerItemProxy */;
		};
		84589C022D0B8CA800AAA3EE /* PBXTargetDependency */ = {
			isa = PBXTargetDependency;
			target = 84589BDF2D0B8CA600AAA3EE /* DailyPlannerCheck */;
			targetProxy = 84589C012D0B8CA800AAA3EE /* PBXContainerItemProxy */;
		};
/* End PBXTargetDependency section */

/* Begin PBXVariantGroup section */
		84589BE92D0B8CA600AAA3EE /* Main.storyboard */ = {
			isa = PBXVariantGroup;
			children = (
				84589BEA2D0B8CA600AAA3EE /* Base */,
			);
			name = Main.storyboard;
			sourceTree = "<group>";
		};
		84589BEE2D0B8CA800AAA3EE /* LaunchScreen.storyboard */ = {
			isa = PBXVariantGroup;
			children = (
				84589BEF2D0B8CA800AAA3EE /* Base */,
			);
			name = LaunchScreen.storyboard;
			sourceTree = "<group>";
		};
/* End PBXVariantGroup section */

/* Begin XCBuildConfiguration section */
		84589C082D0B8CA800AAA3EE /* Debug */ = {
			isa = XCBuildConfiguration;
			buildSettings = {
				ALWAYS_SEARCH_USER_PATHS = NO;
				CLANG_ANALYZER_NONNULL = YES;
				CLANG_ANALYZER_NUMBER_OBJECT_CONVERSION = YES_AGGRESSIVE;
				CLANG_CXX_LANGUAGE_STANDARD = "gnu++17";
				CLANG_ENABLE_MODULES = YES;
				CLANG_ENABLE_OBJC_ARC = YES;
				CLANG_ENABLE_OBJC_WEAK = YES;
				CLANG_WARN_BLOCK_CAPTURE_AUTORELEASING = YES;
				CLANG_WARN_BOOL_CONVERSION = YES;
				CLANG_WARN_COMMA = YES;
				CLANG_WARN_CONSTANT_CONVERSION = YES;
				CLANG_WARN_DEPRECATED_OBJC_IMPLEMENTATIONS = YES;
				CLANG_WARN_DIRECT_OBJC_ISA_USAGE = YES_ERROR;
				CLANG_WARN_DOCUMENTATION_COMMENTS = YES;
				CLANG_WARN_EMPTY_BODY = YES;
				CLANG_WARN_ENUM_CONVERSION = YES;
				CLANG_WARN_INFINITE_RECURSION = YES;
				CLANG_WARN_INT_CONVERSION = YES;
				CLANG_WARN_NON_LITERAL_NULL_CONVERSION = YES;
				CLANG_WARN_OBJC_IMPLICIT_RETAIN_SELF = YES;
				CLANG_WARN_OBJC_LITERAL_CONVERSION = YES;
				CLANG_WARN_OBJC_ROOT_CLASS = YES_ERROR;
				CLANG_WARN_QUOTED_INCLUDE_IN_FRAMEWORK_HEADER = YES;
				CLANG_WARN_RANGE_LOOP_ANALYSIS = YES;
				CLANG_WARN_STRICT_PROTOTYPES = YES;
				CLANG_WARN_SUSPICIOUS_MOVE = YES;
				CLANG_WARN_UNGUARDED_AVAILABILITY = YES_AGGRESSIVE;
				CLANG_WARN_UNREACHABLE_CODE = YES;
				CLANG_WARN__DUPLICATE_METHOD_MATCH = YES;
				COPY_PHASE_STRIP = NO;
				DEBUG_INFORMATION_FORMAT = dwarf;
				ENABLE_STRICT_OBJC_MSGSEND = YES;
				ENABLE_TESTABILITY = YES;
				GCC_C_LANGUAGE_STANDARD = gnu11;
				GCC_DYNAMIC_NO_PIC = NO;
				GCC_NO_COMMON_BLOCKS = YES;
				GCC_OPTIMIZATION_LEVEL = 0;
				GCC_PREPROCESSOR_DEFINITIONS = (
					"DEBUG=1",
					"$(inherited)",
				);
				GCC_WARN_64_TO_32_BIT_CONVERSION = YES;
				GCC_WARN_ABOUT_RETURN_TYPE = YES_ERROR;
				GCC_WARN_UNDECLARED_SELECTOR = YES;
				GCC_WARN_UNINITIALIZED_AUTOS = YES_AGGRESSIVE;
				GCC_WARN_UNUSED_FUNCTION = YES;
				GCC_WARN_UNUSED_VARIABLE = YES;
				IPHONEOS_DEPLOYMENT_TARGET = 15.5;
				MTL_ENABLE_DEBUG_INFO = INCLUDE_SOURCE;
				MTL_FAST_MATH = YES;
				ONLY_ACTIVE_ARCH = YES;
				SDKROOT = iphoneos;
				SWIFT_ACTIVE_COMPILATION_CONDITIONS = DEBUG;
				SWIFT_OPTIMIZATION_LEVEL = "-Onone";
			};
			name = Debug;
		};
		84589C092D0B8CA800AAA3EE /* Release */ = {
			isa = XCBuildConfiguration;
			buildSettings = {
				ALWAYS_SEARCH_USER_PATHS = NO;
				CLANG_ANALYZER_NONNULL = YES;
				CLANG_ANALYZER_NUMBER_OBJECT_CONVERSION = YES_AGGRESSIVE;
				CLANG_CXX_LANGUAGE_STANDARD = "gnu++17";
				CLANG_ENABLE_MODULES = YES;
				CLANG_ENABLE_OBJC_ARC = YES;
				CLANG_ENABLE_OBJC_WEAK = YES;
				CLANG_WARN_BLOCK_CAPTURE_AUTORELEASING = YES;
				CLANG_WARN_BOOL_CONVERSION = YES;
				CLANG_WARN_COMMA = YES;
				CLANG_WARN_CONSTANT_CONVERSION = YES;
				CLANG_WARN_DEPRECATED_OBJC_IMPLEMENTATIONS = YES;
				CLANG_WARN_DIRECT_OBJC_ISA_USAGE = YES_ERROR;
				CLANG_WARN_DOCUMENTATION_COMMENTS = YES;
				CLANG_WARN_EMPTY_BODY = YES;
				CLANG_WARN_ENUM_CONVERSION = YES;
				CLANG_WARN_INFINITE_RECURSION = YES;
				CLANG_WARN_INT_CONVERSION = YES;
				CLANG_WARN_NON_LITERAL_NULL_CONVERSION = YES;
				CLANG_WARN_OBJC_IMPLICIT_RETAIN_SELF = YES;
				CLANG_WARN_OBJC_LITERAL_CONVERSION = YES;
				CLANG_WARN_OBJC_ROOT_CLASS = YES_ERROR;
				CLANG_WARN_QUOTED_INCLUDE_IN_FRAMEWORK_HEADER = YES;
				CLANG_WARN_RANGE_LOOP_ANALYSIS = YES;
				CLANG_WARN_STRICT_PROTOTYPES = YES;
				CLANG_WARN_SUSPICIOUS_MOVE = YES;
				CLANG_WARN_UNGUARDED_AVAILABILITY = YES_AGGRESSIVE;
				CLANG_WARN_UNREACHABLE_CODE = YES;
				CLANG_WARN__DUPLICATE_METHOD_MATCH = YES;
				COPY_PHASE_STRIP = NO;
				DEBUG_INFORMATION_FORMAT = "dwarf-with-dsym";
				ENABLE_NS_ASSERTIONS = NO;
				ENABLE_STRICT_OBJC_MSGSEND = YES;
				GCC_C_LANGUAGE_STANDARD = gnu11;
				GCC_NO_COMMON_BLOCKS = YES;
				GCC_WARN_64_TO_32_BIT_CONVERSION = YES;
				GCC_WARN_ABOUT_RETURN_TYPE = YES_ERROR;
				GCC_WARN_UNDECLARED_SELECTOR = YES;
				GCC_WARN_UNINITIALIZED_AUTOS = YES_AGGRESSIVE;
				GCC_WARN_UNUSED_FUNCTION = YES;
				GCC_WARN_UNUSED_VARIABLE = YES;
				IPHONEOS_DEPLOYMENT_TARGET = 15.5;
				MTL_ENABLE_DEBUG_INFO = NO;
				MTL_FAST_MATH = YES;
				SDKROOT = iphoneos;
				SWIFT_COMPILATION_MODE = wholemodule;
				SWIFT_OPTIMIZATION_LEVEL = "-O";
				VALIDATE_PRODUCT = YES;
			};
			name = Release;
		};
		84589C0B2D0B8CA800AAA3EE /* Debug */ = {
			isa = XCBuildConfiguration;
			buildSettings = {
				ASSETCATALOG_COMPILER_APPICON_NAME = AppIcon;
				ASSETCATALOG_COMPILER_GLOBAL_ACCENT_COLOR_NAME = AccentColor;
				CODE_SIGN_STYLE = Automatic;
				CURRENT_PROJECT_VERSION = 1;
				DEVELOPMENT_TEAM = VGW5PRMJPG;
				GENERATE_INFOPLIST_FILE = YES;
				INFOPLIST_FILE = DailyPlannerCheck/Info.plist;
				INFOPLIST_KEY_UIApplicationSupportsIndirectInputEvents = YES;
				INFOPLIST_KEY_UILaunchStoryboardName = LaunchScreen;
				INFOPLIST_KEY_UIMainStoryboardFile = Main;
				INFOPLIST_KEY_UISupportedInterfaceOrientations = UIInterfaceOrientationPortrait;
				INFOPLIST_KEY_UISupportedInterfaceOrientations_iPad = "UIInterfaceOrientationPortrait UIInterfaceOrientationPortraitUpsideDown UIInterfaceOrientationLandscapeLeft UIInterfaceOrientationLandscapeRight";
				INFOPLIST_KEY_UISupportedInterfaceOrientations_iPhone = "UIInterfaceOrientationPortrait UIInterfaceOrientationLandscapeLeft UIInterfaceOrientationLandscapeRight";
				IPHONEOS_DEPLOYMENT_TARGET = 12.0;
				LD_RUNPATH_SEARCH_PATHS = (
					"$(inherited)",
					"@executable_path/Frameworks",
				);
				MARKETING_VERSION = 1.0;
				PRODUCT_BUNDLE_IDENTIFIER = samunami.DailyPlannerCheck;
				PRODUCT_NAME = "$(TARGET_NAME)";
				SWIFT_EMIT_LOC_STRINGS = YES;
				SWIFT_VERSION = 5.0;
				TARGETED_DEVICE_FAMILY = 1;
			};
			name = Debug;
		};
		84589C0C2D0B8CA800AAA3EE /* Release */ = {
			isa = XCBuildConfiguration;
			buildSettings = {
				ASSETCATALOG_COMPILER_APPICON_NAME = AppIcon;
				ASSETCATALOG_COMPILER_GLOBAL_ACCENT_COLOR_NAME = AccentColor;
				CODE_SIGN_STYLE = Automatic;
				CURRENT_PROJECT_VERSION = 1;
				DEVELOPMENT_TEAM = VGW5PRMJPG;
				GENERATE_INFOPLIST_FILE = YES;
				INFOPLIST_FILE = DailyPlannerCheck/Info.plist;
				INFOPLIST_KEY_UIApplicationSupportsIndirectInputEvents = YES;
				INFOPLIST_KEY_UILaunchStoryboardName = LaunchScreen;
				INFOPLIST_KEY_UIMainStoryboardFile = Main;
				INFOPLIST_KEY_UISupportedInterfaceOrientations = UIInterfaceOrientationPortrait;
				INFOPLIST_KEY_UISupportedInterfaceOrientations_iPad = "UIInterfaceOrientationPortrait UIInterfaceOrientationPortraitUpsideDown UIInterfaceOrientationLandscapeLeft UIInterfaceOrientationLandscapeRight";
				INFOPLIST_KEY_UISupportedInterfaceOrientations_iPhone = "UIInterfaceOrientationPortrait UIInterfaceOrientationLandscapeLeft UIInterfaceOrientationLandscapeRight";
				IPHONEOS_DEPLOYMENT_TARGET = 12.0;
				LD_RUNPATH_SEARCH_PATHS = (
					"$(inherited)",
					"@executable_path/Frameworks",
				);
				MARKETING_VERSION = 1.0;
				PRODUCT_BUNDLE_IDENTIFIER = samunami.DailyPlannerCheck;
				PRODUCT_NAME = "$(TARGET_NAME)";
				SWIFT_EMIT_LOC_STRINGS = YES;
				SWIFT_VERSION = 5.0;
				TARGETED_DEVICE_FAMILY = 1;
			};
			name = Release;
		};
		84589C0E2D0B8CA800AAA3EE /* Debug */ = {
			isa = XCBuildConfiguration;
			buildSettings = {
				ALWAYS_EMBED_SWIFT_STANDARD_LIBRARIES = YES;
				BUNDLE_LOADER = "$(TEST_HOST)";
				CODE_SIGN_STYLE = Automatic;
				CURRENT_PROJECT_VERSION = 1;
				DEVELOPMENT_TEAM = VGW5PRMJPG;
				GENERATE_INFOPLIST_FILE = YES;
				IPHONEOS_DEPLOYMENT_TARGET = 15.5;
				MARKETING_VERSION = 1.0;
				PRODUCT_BUNDLE_IDENTIFIER = samunami.DailyPlannerCheckTests;
				PRODUCT_NAME = "$(TARGET_NAME)";
				SWIFT_EMIT_LOC_STRINGS = NO;
				SWIFT_VERSION = 5.0;
				TARGETED_DEVICE_FAMILY = "1,2";
				TEST_HOST = "$(BUILT_PRODUCTS_DIR)/DailyPlannerCheck.app/DailyPlannerCheck";
			};
			name = Debug;
		};
		84589C0F2D0B8CA800AAA3EE /* Release */ = {
			isa = XCBuildConfiguration;
			buildSettings = {
				ALWAYS_EMBED_SWIFT_STANDARD_LIBRARIES = YES;
				BUNDLE_LOADER = "$(TEST_HOST)";
				CODE_SIGN_STYLE = Automatic;
				CURRENT_PROJECT_VERSION = 1;
				DEVELOPMENT_TEAM = VGW5PRMJPG;
				GENERATE_INFOPLIST_FILE = YES;
				IPHONEOS_DEPLOYMENT_TARGET = 15.5;
				MARKETING_VERSION = 1.0;
				PRODUCT_BUNDLE_IDENTIFIER = samunami.DailyPlannerCheckTests;
				PRODUCT_NAME = "$(TARGET_NAME)";
				SWIFT_EMIT_LOC_STRINGS = NO;
				SWIFT_VERSION = 5.0;
				TARGETED_DEVICE_FAMILY = "1,2";
				TEST_HOST = "$(BUILT_PRODUCTS_DIR)/DailyPlannerCheck.app/DailyPlannerCheck";
			};
			name = Release;
		};
		84589C112D0B8CA800AAA3EE /* Debug */ = {
			isa = XCBuildConfiguration;
			buildSettings = {
				ALWAYS_EMBED_SWIFT_STANDARD_LIBRARIES = YES;
				CODE_SIGN_STYLE = Automatic;
				CURRENT_PROJECT_VERSION = 1;
				DEVELOPMENT_TEAM = VGW5PRMJPG;
				GENERATE_INFOPLIST_FILE = YES;
				MARKETING_VERSION = 1.0;
				PRODUCT_BUNDLE_IDENTIFIER = samunami.DailyPlannerCheckUITests;
				PRODUCT_NAME = "$(TARGET_NAME)";
				SWIFT_EMIT_LOC_STRINGS = NO;
				SWIFT_VERSION = 5.0;
				TARGETED_DEVICE_FAMILY = "1,2";
				TEST_TARGET_NAME = DailyPlannerCheck;
			};
			name = Debug;
		};
		84589C122D0B8CA800AAA3EE /* Release */ = {
			isa = XCBuildConfiguration;
			buildSettings = {
				ALWAYS_EMBED_SWIFT_STANDARD_LIBRARIES = YES;
				CODE_SIGN_STYLE = Automatic;
				CURRENT_PROJECT_VERSION = 1;
				DEVELOPMENT_TEAM = VGW5PRMJPG;
				GENERATE_INFOPLIST_FILE = YES;
				MARKETING_VERSION = 1.0;
				PRODUCT_BUNDLE_IDENTIFIER = samunami.DailyPlannerCheckUITests;
				PRODUCT_NAME = "$(TARGET_NAME)";
				SWIFT_EMIT_LOC_STRINGS = NO;
				SWIFT_VERSION = 5.0;
				TARGETED_DEVICE_FAMILY = "1,2";
				TEST_TARGET_NAME = DailyPlannerCheck;
			};
			name = Release;
		};
/* End XCBuildConfiguration section */

/* Begin XCConfigurationList section */
		84589BDB2D0B8CA600AAA3EE /* Build configuration list for PBXProject "DailyPlannerCheck" */ = {
			isa = XCConfigurationList;
			buildConfigurations = (
				84589C082D0B8CA800AAA3EE /* Debug */,
				84589C092D0B8CA800AAA3EE /* Release */,
			);
			defaultConfigurationIsVisible = 0;
			defaultConfigurationName = Release;
		};
		84589C0A2D0B8CA800AAA3EE /* Build configuration list for PBXNativeTarget "DailyPlannerCheck" */ = {
			isa = XCConfigurationList;
			buildConfigurations = (
				84589C0B2D0B8CA800AAA3EE /* Debug */,
				84589C0C2D0B8CA800AAA3EE /* Release */,
			);
			defaultConfigurationIsVisible = 0;
			defaultConfigurationName = Release;
		};
		84589C0D2D0B8CA800AAA3EE /* Build configuration list for PBXNativeTarget "DailyPlannerCheckTests" */ = {
			isa = XCConfigurationList;
			buildConfigurations = (
				84589C0E2D0B8CA800AAA3EE /* Debug */,
				84589C0F2D0B8CA800AAA3EE /* Release */,
			);
			defaultConfigurationIsVisible = 0;
			defaultConfigurationName = Release;
		};
		84589C102D0B8CA800AAA3EE /* Build configuration list for PBXNativeTarget "DailyPlannerCheckUITests" */ = {
			isa = XCConfigurationList;
			buildConfigurations = (
				84589C112D0B8CA800AAA3EE /* Debug */,
				84589C122D0B8CA800AAA3EE /* Release */,
			);
			defaultConfigurationIsVisible = 0;
			defaultConfigurationName = Release;
		};
/* End XCConfigurationList section */
	};
	rootObject = 84589BD82D0B8CA600AAA3EE /* Project object */;
}
